
Microsoft Visual Studio Solution File, Format Version 12.00
# Visual Studio Version 17
VisualStudioVersion = 17.0.32112.339
MinimumVisualStudioVersion = 10.0.40219.1
Project("{2150E333-8FDC-42A3-9474-1A3956D46DE8}") = "src", "src", "{4903AD37-5772-4A89-9117-98A80E2BDA96}"
EndProject
Project("{9A19103F-16F7-4668-BE54-9A1E7A4F7556}") = "Fitability.ApiApp", "src\Fitability.ApiApp\Fitability.ApiApp.csproj", "{49A1B3F5-6126-4476-BE81-80DB3E634B66}"
EndProject
Project("{9A19103F-16F7-4668-BE54-9A1E7A4F7556}") = "Fitability.WebApp", "src\Fitability.WebApp\Fitability.WebApp.csproj", "{DDCC1F54-757C-48DF-81D5-7FCEFD608E43}"
EndProject
Project("{2150E333-8FDC-42A3-9474-1A3956D46DE8}") = "test", "test", "{ECBC7203-2C7D-4FF7-9AAB-9E4D7F0D2296}"
EndProject
Project("{FAE04EC0-301F-11D3-BF4B-00C04F79EFBC}") = "Fitability.ApiApp.Tests", "test\Fitability.ApiApp.Tests\Fitability.ApiApp.Tests.csproj", "{45D8BF5E-2A27-453B-9AC3-4B78EEADE5B1}"
EndProject
Project("{FAE04EC0-301F-11D3-BF4B-00C04F79EFBC}") = "Fitability.WebApp.Tests", "test\Fitability.WebApp.Tests\Fitability.WebApp.Tests.csproj", "{4E3EAAC4-960C-4F57-A2FE-A277189A8442}"
EndProject
Project("{2150E333-8FDC-42A3-9474-1A3956D46DE8}") = "Solution Items", "Solution Items", "{B228A01B-47C9-45F9-839D-2A4DB336DDCB}"
	ProjectSection(SolutionItems) = preProject
		.editorconfig = .editorconfig
		.gitignore = .gitignore
		global.json = global.json
	EndProjectSection
EndProject
Global
	GlobalSection(SolutionConfigurationPlatforms) = preSolution
		Debug|Any CPU = Debug|Any CPU
		Release|Any CPU = Release|Any CPU
	EndGlobalSection
	GlobalSection(ProjectConfigurationPlatforms) = postSolution
		{49A1B3F5-6126-4476-BE81-80DB3E634B66}.Debug|Any CPU.ActiveCfg = Debug|Any CPU
		{49A1B3F5-6126-4476-BE81-80DB3E634B66}.Debug|Any CPU.Build.0 = Debug|Any CPU
		{49A1B3F5-6126-4476-BE81-80DB3E634B66}.Release|Any CPU.ActiveCfg = Release|Any CPU
		{49A1B3F5-6126-4476-BE81-80DB3E634B66}.Release|Any CPU.Build.0 = Release|Any CPU
		{DDCC1F54-757C-48DF-81D5-7FCEFD608E43}.Debug|Any CPU.ActiveCfg = Debug|Any CPU
		{DDCC1F54-757C-48DF-81D5-7FCEFD608E43}.Debug|Any CPU.Build.0 = Debug|Any CPU
		{DDCC1F54-757C-48DF-81D5-7FCEFD608E43}.Release|Any CPU.ActiveCfg = Release|Any CPU
		{DDCC1F54-757C-48DF-81D5-7FCEFD608E43}.Release|Any CPU.Build.0 = Release|Any CPU
		{45D8BF5E-2A27-453B-9AC3-4B78EEADE5B1}.Debug|Any CPU.ActiveCfg = Debug|Any CPU
		{45D8BF5E-2A27-453B-9AC3-4B78EEADE5B1}.Debug|Any CPU.Build.0 = Debug|Any CPU
		{45D8BF5E-2A27-453B-9AC3-4B78EEADE5B1}.Release|Any CPU.ActiveCfg = Release|Any CPU
		{45D8BF5E-2A27-453B-9AC3-4B78EEADE5B1}.Release|Any CPU.Build.0 = Release|Any CPU
		{4E3EAAC4-960C-4F57-A2FE-A277189A8442}.Debug|Any CPU.ActiveCfg = Debug|Any CPU
		{4E3EAAC4-960C-4F57-A2FE-A277189A8442}.Debug|Any CPU.Build.0 = Debug|Any CPU
		{4E3EAAC4-960C-4F57-A2FE-A277189A8442}.Release|Any CPU.ActiveCfg = Release|Any CPU
		{4E3EAAC4-960C-4F57-A2FE-A277189A8442}.Release|Any CPU.Build.0 = Release|Any CPU
	EndGlobalSection
	GlobalSection(SolutionProperties) = preSolution
		HideSolutionNode = FALSE
	EndGlobalSection
	GlobalSection(NestedProjects) = preSolution
		{49A1B3F5-6126-4476-BE81-80DB3E634B66} = {4903AD37-5772-4A89-9117-98A80E2BDA96}
		{DDCC1F54-757C-48DF-81D5-7FCEFD608E43} = {4903AD37-5772-4A89-9117-98A80E2BDA96}
		{45D8BF5E-2A27-453B-9AC3-4B78EEADE5B1} = {ECBC7203-2C7D-4FF7-9AAB-9E4D7F0D2296}
		{4E3EAAC4-960C-4F57-A2FE-A277189A8442} = {ECBC7203-2C7D-4FF7-9AAB-9E4D7F0D2296}
	EndGlobalSection
	GlobalSection(ExtensibilityGlobals) = postSolution
		SolutionGuid = {D2474EC4-6B21-41C7-8B04-305C193ABEDE}
	EndGlobalSection
EndGlobal
